// !$*UTF8*$!
{
	archiveVersion = 1;
	classes = {
	};
	objectVersion = 56;
	objects = {

/* Begin PBXBuildFile section */
		772B999C2C3D8E64006F8FA6 /* LittleLemonApp.swift in Sources */ = {isa = PBXBuildFile; fileRef = 772B999B2C3D8E64006F8FA6 /* LittleLemonApp.swift */; };
		772B99A02C3D8E66006F8FA6 /* Assets.xcassets in Resources */ = {isa = PBXBuildFile; fileRef = 772B999F2C3D8E66006F8FA6 /* Assets.xcassets */; };
		772B99A32C3D8E66006F8FA6 /* Preview Assets.xcassets in Resources */ = {isa = PBXBuildFile; fileRef = 772B99A22C3D8E66006F8FA6 /* Preview Assets.xcassets */; };
		772B99AA2C3E143A006F8FA6 /* Onboarding.swift in Sources */ = {isa = PBXBuildFile; fileRef = 772B99A92C3E143A006F8FA6 /* Onboarding.swift */; };
		772B99AC2C3E177B006F8FA6 /* Home.swift in Sources */ = {isa = PBXBuildFile; fileRef = 772B99AB2C3E177B006F8FA6 /* Home.swift */; };
		772B99AE2C3E17F8006F8FA6 /* Menu.swift in Sources */ = {isa = PBXBuildFile; fileRef = 772B99AD2C3E17F8006F8FA6 /* Menu.swift */; };
		772B99B02C3E1AE1006F8FA6 /* UserProfile.swift in Sources */ = {isa = PBXBuildFile; fileRef = 772B99AF2C3E1AE1006F8FA6 /* UserProfile.swift */; };
		772B99B22C3E1E6D006F8FA6 /* Constants.swift in Sources */ = {isa = PBXBuildFile; fileRef = 772B99B12C3E1E6D006F8FA6 /* Constants.swift */; };
		772B99B52C3E3044006F8FA6 /* FetchedObjects.swift in Sources */ = {isa = PBXBuildFile; fileRef = 772B99B32C3E3044006F8FA6 /* FetchedObjects.swift */; };
		772B99B62C3E3044006F8FA6 /* Persistence.swift in Sources */ = {isa = PBXBuildFile; fileRef = 772B99B42C3E3044006F8FA6 /* Persistence.swift */; };
		772B99B82C3E311A006F8FA6 /* MenuList.swift in Sources */ = {isa = PBXBuildFile; fileRef = 772B99B72C3E311A006F8FA6 /* MenuList.swift */; };
		772B99BA2C3E3125006F8FA6 /* MenuItem.swift in Sources */ = {isa = PBXBuildFile; fileRef = 772B99B92C3E3125006F8FA6 /* MenuItem.swift */; };
		772B99BD2C3E371E006F8FA6 /* ExampleDatabase.xcdatamodeld in Sources */ = {isa = PBXBuildFile; fileRef = 772B99BB2C3E371E006F8FA6 /* ExampleDatabase.xcdatamodeld */; };
		772B99BF2C3E3CC3006F8FA6 /* DishDetailView.swift in Sources */ = {isa = PBXBuildFile; fileRef = 772B99BE2C3E3CC3006F8FA6 /* DishDetailView.swift */; };
		772B99C52C3EEF6B006F8FA6 /* NavigationBar.swift in Sources */ = {isa = PBXBuildFile; fileRef = 772B99C42C3EEF6B006F8FA6 /* NavigationBar.swift */; };
		772B9A0C2C3FB362006F8FA6 /* Karla-ExtraBold.ttf in Resources */ = {isa = PBXBuildFile; fileRef = 772B9A0B2C3FB362006F8FA6 /* Karla-ExtraBold.ttf */; };
		772B9A0E2C3FB377006F8FA6 /* Karla-Bold.ttf in Resources */ = {isa = PBXBuildFile; fileRef = 772B9A0D2C3FB377006F8FA6 /* Karla-Bold.ttf */; };
		772B9A102C3FB383006F8FA6 /* Karla-Medium.ttf in Resources */ = {isa = PBXBuildFile; fileRef = 772B9A0F2C3FB382006F8FA6 /* Karla-Medium.ttf */; };
		772B9A122C3FB397006F8FA6 /* Karla-Regular.ttf in Resources */ = {isa = PBXBuildFile; fileRef = 772B9A112C3FB397006F8FA6 /* Karla-Regular.ttf */; };
		772B9A142C3FB3AA006F8FA6 /* MarkaziText-Regular.ttf in Resources */ = {isa = PBXBuildFile; fileRef = 772B9A132C3FB3AA006F8FA6 /* MarkaziText-Regular.ttf */; };
		772B9A162C3FB3B3006F8FA6 /* MarkaziText-Medium.ttf in Resources */ = {isa = PBXBuildFile; fileRef = 772B9A152C3FB3B3006F8FA6 /* MarkaziText-Medium.ttf */; };
		772B9A182C3FB3DA006F8FA6 /* Styles.swift in Sources */ = {isa = PBXBuildFile; fileRef = 772B9A172C3FB3DA006F8FA6 /* Styles.swift */; };
		772B9A1B2C3FB518006F8FA6 /* Hero.swift in Sources */ = {isa = PBXBuildFile; fileRef = 772B9A1A2C3FB518006F8FA6 /* Hero.swift */; };
		772B9A1D2C3FC2D2006F8FA6 /* MenuItemView.swift in Sources */ = {isa = PBXBuildFile; fileRef = 772B9A1C2C3FC2D2006F8FA6 /* MenuItemView.swift */; };
		772B9A1F2C3FD10F006F8FA6 /* CheckboxView.swift in Sources */ = {isa = PBXBuildFile; fileRef = 772B9A1E2C3FD10F006F8FA6 /* CheckboxView.swift */; };
		772B9A232C3FDA81006F8FA6 /* Validator.swift in Sources */ = {isa = PBXBuildFile; fileRef = 772B9A222C3FDA81006F8FA6 /* Validator.swift */; };
/* End PBXBuildFile section */

/* Begin PBXFileReference section */
		772B99982C3D8E64006F8FA6 /* Little Lemon.app */ = {isa = PBXFileReference; explicitFileType = wrapper.application; includeInIndex = 0; path = "Little Lemon.app"; sourceTree = BUILT_PRODUCTS_DIR; };
		772B999B2C3D8E64006F8FA6 /* LittleLemonApp.swift */ = {isa = PBXFileReference; lastKnownFileType = sourcecode.swift; path = LittleLemonApp.swift; sourceTree = "<group>"; };
		772B999F2C3D8E66006F8FA6 /* Assets.xcassets */ = {isa = PBXFileReference; lastKnownFileType = folder.assetcatalog; path = Assets.xcassets; sourceTree = "<group>"; };
		772B99A22C3D8E66006F8FA6 /* Preview Assets.xcassets */ = {isa = PBXFileReference; lastKnownFileType = folder.assetcatalog; path = "Preview Assets.xcassets"; sourceTree = "<group>"; };
		772B99A92C3E143A006F8FA6 /* Onboarding.swift */ = {isa = PBXFileReference; lastKnownFileType = sourcecode.swift; path = Onboarding.swift; sourceTree = "<group>"; };
		772B99AB2C3E177B006F8FA6 /* Home.swift */ = {isa = PBXFileReference; lastKnownFileType = sourcecode.swift; path = Home.swift; sourceTree = "<group>"; };
		772B99AD2C3E17F8006F8FA6 /* Menu.swift */ = {isa = PBXFileReference; lastKnownFileType = sourcecode.swift; path = Menu.swift; sourceTree = "<group>"; };
		772B99AF2C3E1AE1006F8FA6 /* UserProfile.swift */ = {isa = PBXFileReference; lastKnownFileType = sourcecode.swift; path = UserProfile.swift; sourceTree = "<group>"; };
		772B99B12C3E1E6D006F8FA6 /* Constants.swift */ = {isa = PBXFileReference; lastKnownFileType = sourcecode.swift; path = Constants.swift; sourceTree = "<group>"; };
		772B99B32C3E3044006F8FA6 /* FetchedObjects.swift */ = {isa = PBXFileReference; fileEncoding = 4; lastKnownFileType = sourcecode.swift; path = FetchedObjects.swift; sourceTree = "<group>"; };
		772B99B42C3E3044006F8FA6 /* Persistence.swift */ = {isa = PBXFileReference; fileEncoding = 4; lastKnownFileType = sourcecode.swift; path = Persistence.swift; sourceTree = "<group>"; };
		772B99B72C3E311A006F8FA6 /* MenuList.swift */ = {isa = PBXFileReference; lastKnownFileType = sourcecode.swift; path = MenuList.swift; sourceTree = "<group>"; };
		772B99B92C3E3125006F8FA6 /* MenuItem.swift */ = {isa = PBXFileReference; lastKnownFileType = sourcecode.swift; path = MenuItem.swift; sourceTree = "<group>"; };
		772B99BC2C3E371E006F8FA6 /* ExampleDatabase.xcdatamodel */ = {isa = PBXFileReference; lastKnownFileType = wrapper.xcdatamodel; path = ExampleDatabase.xcdatamodel; sourceTree = "<group>"; };
		772B99BE2C3E3CC3006F8FA6 /* DishDetailView.swift */ = {isa = PBXFileReference; lastKnownFileType = sourcecode.swift; path = DishDetailView.swift; sourceTree = "<group>"; };
		772B99C42C3EEF6B006F8FA6 /* NavigationBar.swift */ = {isa = PBXFileReference; lastKnownFileType = sourcecode.swift; path = NavigationBar.swift; sourceTree = "<group>"; };
		772B9A0B2C3FB362006F8FA6 /* Karla-ExtraBold.ttf */ = {isa = PBXFileReference; lastKnownFileType = file; path = "Karla-ExtraBold.ttf"; sourceTree = "<group>"; };
		772B9A0D2C3FB377006F8FA6 /* Karla-Bold.ttf */ = {isa = PBXFileReference; lastKnownFileType = file; path = "Karla-Bold.ttf"; sourceTree = "<group>"; };
		772B9A0F2C3FB382006F8FA6 /* Karla-Medium.ttf */ = {isa = PBXFileReference; lastKnownFileType = file; path = "Karla-Medium.ttf"; sourceTree = "<group>"; };
		772B9A112C3FB397006F8FA6 /* Karla-Regular.ttf */ = {isa = PBXFileReference; lastKnownFileType = file; path = "Karla-Regular.ttf"; sourceTree = "<group>"; };
		772B9A132C3FB3AA006F8FA6 /* MarkaziText-Regular.ttf */ = {isa = PBXFileReference; lastKnownFileType = file; path = "MarkaziText-Regular.ttf"; sourceTree = "<group>"; };
		772B9A152C3FB3B3006F8FA6 /* MarkaziText-Medium.ttf */ = {isa = PBXFileReference; lastKnownFileType = file; path = "MarkaziText-Medium.ttf"; sourceTree = "<group>"; };
		772B9A172C3FB3DA006F8FA6 /* Styles.swift */ = {isa = PBXFileReference; lastKnownFileType = sourcecode.swift; path = Styles.swift; sourceTree = "<group>"; };
		772B9A192C3FB410006F8FA6 /* Little-Lemon-Info.plist */ = {isa = PBXFileReference; lastKnownFileType = text.plist; path = "Little-Lemon-Info.plist"; sourceTree = SOURCE_ROOT; };
		772B9A1A2C3FB518006F8FA6 /* Hero.swift */ = {isa = PBXFileReference; lastKnownFileType = sourcecode.swift; path = Hero.swift; sourceTree = "<group>"; };
		772B9A1C2C3FC2D2006F8FA6 /* MenuItemView.swift */ = {isa = PBXFileReference; lastKnownFileType = sourcecode.swift; path = MenuItemView.swift; sourceTree = "<group>"; };
		772B9A1E2C3FD10F006F8FA6 /* CheckboxView.swift */ = {isa = PBXFileReference; lastKnownFileType = sourcecode.swift; path = CheckboxView.swift; sourceTree = "<group>"; };
		772B9A222C3FDA81006F8FA6 /* Validator.swift */ = {isa = PBXFileReference; lastKnownFileType = sourcecode.swift; path = Validator.swift; sourceTree = "<group>"; };
/* End PBXFileReference section */

/* Begin PBXFrameworksBuildPhase section */
		772B99952C3D8E64006F8FA6 /* Frameworks */ = {
			isa = PBXFrameworksBuildPhase;
			buildActionMask = 2147483647;
			files = (
			);
			runOnlyForDeploymentPostprocessing = 0;
		};
/* End PBXFrameworksBuildPhase section */

/* Begin PBXGroup section */
		772B998F2C3D8E64006F8FA6 = {
			isa = PBXGroup;
			children = (
				772B999A2C3D8E64006F8FA6 /* Little Lemon */,
				772B99992C3D8E64006F8FA6 /* Products */,
			);
			sourceTree = "<group>";
		};
		772B99992C3D8E64006F8FA6 /* Products */ = {
			isa = PBXGroup;
			children = (
				772B99982C3D8E64006F8FA6 /* Little Lemon.app */,
			);
			name = Products;
			sourceTree = "<group>";
		};
		772B999A2C3D8E64006F8FA6 /* Little Lemon */ = {
			isa = PBXGroup;
			children = (
				772B9A192C3FB410006F8FA6 /* Little-Lemon-Info.plist */,
				772B9A0A2C3FB342006F8FA6 /* Fonts */,
				772B99C32C3EE711006F8FA6 /* Const */,
				772B99C22C3EE6CA006F8FA6 /* CoreData */,
				772B99C12C3EE6A9006F8FA6 /* Models */,
				772B99C02C3EE656006F8FA6 /* Views */,
				772B999B2C3D8E64006F8FA6 /* LittleLemonApp.swift */,
				772B999F2C3D8E66006F8FA6 /* Assets.xcassets */,
				772B99A12C3D8E66006F8FA6 /* Preview Content */,
				772B99BB2C3E371E006F8FA6 /* ExampleDatabase.xcdatamodeld */,
			);
			path = "Little Lemon";
			sourceTree = "<group>";
		};
		772B99A12C3D8E66006F8FA6 /* Preview Content */ = {
			isa = PBXGroup;
			children = (
				772B99A22C3D8E66006F8FA6 /* Preview Assets.xcassets */,
			);
			path = "Preview Content";
			sourceTree = "<group>";
		};
		772B99C02C3EE656006F8FA6 /* Views */ = {
			isa = PBXGroup;
			children = (
				772B99BE2C3E3CC3006F8FA6 /* DishDetailView.swift */,
				772B99AD2C3E17F8006F8FA6 /* Menu.swift */,
				772B99AB2C3E177B006F8FA6 /* Home.swift */,
				772B99AF2C3E1AE1006F8FA6 /* UserProfile.swift */,
				772B99A92C3E143A006F8FA6 /* Onboarding.swift */,
				772B99C42C3EEF6B006F8FA6 /* NavigationBar.swift */,
				772B9A1A2C3FB518006F8FA6 /* Hero.swift */,
				772B9A1C2C3FC2D2006F8FA6 /* MenuItemView.swift */,
				772B9A1E2C3FD10F006F8FA6 /* CheckboxView.swift */,
			);
			path = Views;
			sourceTree = "<group>";
		};
		772B99C12C3EE6A9006F8FA6 /* Models */ = {
			isa = PBXGroup;
			children = (
				772B99B92C3E3125006F8FA6 /* MenuItem.swift */,
				772B99B72C3E311A006F8FA6 /* MenuList.swift */,
			);
			path = Models;
			sourceTree = "<group>";
		};
		772B99C22C3EE6CA006F8FA6 /* CoreData */ = {
			isa = PBXGroup;
			children = (
				772B99B42C3E3044006F8FA6 /* Persistence.swift */,
				772B99B32C3E3044006F8FA6 /* FetchedObjects.swift */,
			);
			path = CoreData;
			sourceTree = "<group>";
		};
		772B99C32C3EE711006F8FA6 /* Const */ = {
			isa = PBXGroup;
			children = (
				772B99B12C3E1E6D006F8FA6 /* Constants.swift */,
				772B9A172C3FB3DA006F8FA6 /* Styles.swift */,
				772B9A222C3FDA81006F8FA6 /* Validator.swift */,
			);
			path = Const;
			sourceTree = "<group>";
		};
		772B9A0A2C3FB342006F8FA6 /* Fonts */ = {
			isa = PBXGroup;
			children = (
				772B9A0B2C3FB362006F8FA6 /* Karla-ExtraBold.ttf */,
				772B9A0F2C3FB382006F8FA6 /* Karla-Medium.ttf */,
				772B9A112C3FB397006F8FA6 /* Karla-Regular.ttf */,
				772B9A132C3FB3AA006F8FA6 /* MarkaziText-Regular.ttf */,
				772B9A152C3FB3B3006F8FA6 /* MarkaziText-Medium.ttf */,
				772B9A0D2C3FB377006F8FA6 /* Karla-Bold.ttf */,
			);
			path = Fonts;
			sourceTree = "<group>";
		};
/* End PBXGroup section */

/* Begin PBXNativeTarget section */
		772B99972C3D8E64006F8FA6 /* Little Lemon */ = {
			isa = PBXNativeTarget;
			buildConfigurationList = 772B99A62C3D8E66006F8FA6 /* Build configuration list for PBXNativeTarget "Little Lemon" */;
			buildPhases = (
				772B99942C3D8E64006F8FA6 /* Sources */,
				772B99952C3D8E64006F8FA6 /* Frameworks */,
				772B99962C3D8E64006F8FA6 /* Resources */,
			);
			buildRules = (
			);
			dependencies = (
			);
			name = "Little Lemon";
			productName = "Little Lemon";
			productReference = 772B99982C3D8E64006F8FA6 /* Little Lemon.app */;
			productType = "com.apple.product-type.application";
		};
/* End PBXNativeTarget section */

/* Begin PBXProject section */
		772B99902C3D8E64006F8FA6 /* Project object */ = {
			isa = PBXProject;
			attributes = {
				BuildIndependentTargetsInParallel = 1;
				LastSwiftUpdateCheck = 1540;
				LastUpgradeCheck = 1540;
				TargetAttributes = {
					772B99972C3D8E64006F8FA6 = {
						CreatedOnToolsVersion = 15.4;
					};
				};
			};
			buildConfigurationList = 772B99932C3D8E64006F8FA6 /* Build configuration list for PBXProject "Little Lemon" */;
			compatibilityVersion = "Xcode 14.0";
			developmentRegion = en;
			hasScannedForEncodings = 0;
			knownRegions = (
				en,
				Base,
			);
			mainGroup = 772B998F2C3D8E64006F8FA6;
			productRefGroup = 772B99992C3D8E64006F8FA6 /* Products */;
			projectDirPath = "";
			projectRoot = "";
			targets = (
				772B99972C3D8E64006F8FA6 /* Little Lemon */,
			);
		};
/* End PBXProject section */

/* Begin PBXResourcesBuildPhase section */
		772B99962C3D8E64006F8FA6 /* Resources */ = {
			isa = PBXResourcesBuildPhase;
			buildActionMask = 2147483647;
			files = (
				772B99A32C3D8E66006F8FA6 /* Preview Assets.xcassets in Resources */,
				772B9A102C3FB383006F8FA6 /* Karla-Medium.ttf in Resources */,
				772B9A142C3FB3AA006F8FA6 /* MarkaziText-Regular.ttf in Resources */,
				772B99A02C3D8E66006F8FA6 /* Assets.xcassets in Resources */,
				772B9A162C3FB3B3006F8FA6 /* MarkaziText-Medium.ttf in Resources */,
				772B9A0C2C3FB362006F8FA6 /* Karla-ExtraBold.ttf in Resources */,
				772B9A0E2C3FB377006F8FA6 /* Karla-Bold.ttf in Resources */,
				772B9A122C3FB397006F8FA6 /* Karla-Regular.ttf in Resources */,
			);
			runOnlyForDeploymentPostprocessing = 0;
		};
/* End PBXResourcesBuildPhase section */

/* Begin PBXSourcesBuildPhase section */
		772B99942C3D8E64006F8FA6 /* Sources */ = {
			isa = PBXSourcesBuildPhase;
			buildActionMask = 2147483647;
			files = (
				772B99BD2C3E371E006F8FA6 /* ExampleDatabase.xcdatamodeld in Sources */,
				772B9A182C3FB3DA006F8FA6 /* Styles.swift in Sources */,
				772B99AA2C3E143A006F8FA6 /* Onboarding.swift in Sources */,
				772B99B62C3E3044006F8FA6 /* Persistence.swift in Sources */,
				772B99AC2C3E177B006F8FA6 /* Home.swift in Sources */,
				772B9A1B2C3FB518006F8FA6 /* Hero.swift in Sources */,
				772B99C52C3EEF6B006F8FA6 /* NavigationBar.swift in Sources */,
				772B99B02C3E1AE1006F8FA6 /* UserProfile.swift in Sources */,
				772B99AE2C3E17F8006F8FA6 /* Menu.swift in Sources */,
				772B999C2C3D8E64006F8FA6 /* LittleLemonApp.swift in Sources */,
				772B9A232C3FDA81006F8FA6 /* Validator.swift in Sources */,
				772B99B52C3E3044006F8FA6 /* FetchedObjects.swift in Sources */,
				772B99B82C3E311A006F8FA6 /* MenuList.swift in Sources */,
				772B9A1D2C3FC2D2006F8FA6 /* MenuItemView.swift in Sources */,
				772B99BF2C3E3CC3006F8FA6 /* DishDetailView.swift in Sources */,
				772B99B22C3E1E6D006F8FA6 /* Constants.swift in Sources */,
				772B9A1F2C3FD10F006F8FA6 /* CheckboxView.swift in Sources */,
				772B99BA2C3E3125006F8FA6 /* MenuItem.swift in Sources */,
			);
			runOnlyForDeploymentPostprocessing = 0;
		};
/* End PBXSourcesBuildPhase section */

/* Begin XCBuildConfiguration section */
		772B99A42C3D8E66006F8FA6 /* Debug */ = {
			isa = XCBuildConfiguration;
			buildSettings = {
				ALWAYS_SEARCH_USER_PATHS = NO;
				ASSETCATALOG_COMPILER_GENERATE_SWIFT_ASSET_SYMBOL_EXTENSIONS = YES;
				CLANG_ANALYZER_NONNULL = YES;
				CLANG_ANALYZER_NUMBER_OBJECT_CONVERSION = YES_AGGRESSIVE;
				CLANG_CXX_LANGUAGE_STANDARD = "gnu++20";
				CLANG_ENABLE_MODULES = YES;
				CLANG_ENABLE_OBJC_ARC = YES;
				CLANG_ENABLE_OBJC_WEAK = YES;
				CLANG_WARN_BLOCK_CAPTURE_AUTORELEASING = YES;
				CLANG_WARN_BOOL_CONVERSION = YES;
				CLANG_WARN_COMMA = YES;
				CLANG_WARN_CONSTANT_CONVERSION = YES;
				CLANG_WARN_DEPRECATED_OBJC_IMPLEMENTATIONS = YES;
				CLANG_WARN_DIRECT_OBJC_ISA_USAGE = YES_ERROR;
				CLANG_WARN_DOCUMENTATION_COMMENTS = YES;
				CLANG_WARN_EMPTY_BODY = YES;
				CLANG_WARN_ENUM_CONVERSION = YES;
				CLANG_WARN_INFINITE_RECURSION = YES;
				CLANG_WARN_INT_CONVERSION = YES;
				CLANG_WARN_NON_LITERAL_NULL_CONVERSION = YES;
				CLANG_WARN_OBJC_IMPLICIT_RETAIN_SELF = YES;
				CLANG_WARN_OBJC_LITERAL_CONVERSION = YES;
				CLANG_WARN_OBJC_ROOT_CLASS = YES_ERROR;
				CLANG_WARN_QUOTED_INCLUDE_IN_FRAMEWORK_HEADER = YES;
				CLANG_WARN_RANGE_LOOP_ANALYSIS = YES;
				CLANG_WARN_STRICT_PROTOTYPES = YES;
				CLANG_WARN_SUSPICIOUS_MOVE = YES;
				CLANG_WARN_UNGUARDED_AVAILABILITY = YES_AGGRESSIVE;
				CLANG_WARN_UNREACHABLE_CODE = YES;
				CLANG_WARN__DUPLICATE_METHOD_MATCH = YES;
				COPY_PHASE_STRIP = NO;
				DEBUG_INFORMATION_FORMAT = dwarf;
				ENABLE_STRICT_OBJC_MSGSEND = YES;
				ENABLE_TESTABILITY = YES;
				ENABLE_USER_SCRIPT_SANDBOXING = YES;
				GCC_C_LANGUAGE_STANDARD = gnu17;
				GCC_DYNAMIC_NO_PIC = NO;
				GCC_NO_COMMON_BLOCKS = YES;
				GCC_OPTIMIZATION_LEVEL = 0;
				GCC_PREPROCESSOR_DEFINITIONS = (
					"DEBUG=1",
					"$(inherited)",
				);
				GCC_WARN_64_TO_32_BIT_CONVERSION = YES;
				GCC_WARN_ABOUT_RETURN_TYPE = YES_ERROR;
				GCC_WARN_UNDECLARED_SELECTOR = YES;
				GCC_WARN_UNINITIALIZED_AUTOS = YES_AGGRESSIVE;
				GCC_WARN_UNUSED_FUNCTION = YES;
				GCC_WARN_UNUSED_VARIABLE = YES;
				IPHONEOS_DEPLOYMENT_TARGET = 17.5;
				LOCALIZATION_PREFERS_STRING_CATALOGS = YES;
				MTL_ENABLE_DEBUG_INFO = INCLUDE_SOURCE;
				MTL_FAST_MATH = YES;
				ONLY_ACTIVE_ARCH = YES;
				SDKROOT = iphoneos;
				SWIFT_ACTIVE_COMPILATION_CONDITIONS = "DEBUG $(inherited)";
				SWIFT_OPTIMIZATION_LEVEL = "-Onone";
			};
			name = Debug;
		};
		772B99A52C3D8E66006F8FA6 /* Release */ = {
			isa = XCBuildConfiguration;
			buildSettings = {
				ALWAYS_SEARCH_USER_PATHS = NO;
				ASSETCATALOG_COMPILER_GENERATE_SWIFT_ASSET_SYMBOL_EXTENSIONS = YES;
				CLANG_ANALYZER_NONNULL = YES;
				CLANG_ANALYZER_NUMBER_OBJECT_CONVERSION = YES_AGGRESSIVE;
				CLANG_CXX_LANGUAGE_STANDARD = "gnu++20";
				CLANG_ENABLE_MODULES = YES;
				CLANG_ENABLE_OBJC_ARC = YES;
				CLANG_ENABLE_OBJC_WEAK = YES;
				CLANG_WARN_BLOCK_CAPTURE_AUTORELEASING = YES;
				CLANG_WARN_BOOL_CONVERSION = YES;
				CLANG_WARN_COMMA = YES;
				CLANG_WARN_CONSTANT_CONVERSION = YES;
				CLANG_WARN_DEPRECATED_OBJC_IMPLEMENTATIONS = YES;
				CLANG_WARN_DIRECT_OBJC_ISA_USAGE = YES_ERROR;
				CLANG_WARN_DOCUMENTATION_COMMENTS = YES;
				CLANG_WARN_EMPTY_BODY = YES;
				CLANG_WARN_ENUM_CONVERSION = YES;
				CLANG_WARN_INFINITE_RECURSION = YES;
				CLANG_WARN_INT_CONVERSION = YES;
				CLANG_WARN_NON_LITERAL_NULL_CONVERSION = YES;
				CLANG_WARN_OBJC_IMPLICIT_RETAIN_SELF = YES;
				CLANG_WARN_OBJC_LITERAL_CONVERSION = YES;
				CLANG_WARN_OBJC_ROOT_CLASS = YES_ERROR;
				CLANG_WARN_QUOTED_INCLUDE_IN_FRAMEWORK_HEADER = YES;
				CLANG_WARN_RANGE_LOOP_ANALYSIS = YES;
				CLANG_WARN_STRICT_PROTOTYPES = YES;
				CLANG_WARN_SUSPICIOUS_MOVE = YES;
				CLANG_WARN_UNGUARDED_AVAILABILITY = YES_AGGRESSIVE;
				CLANG_WARN_UNREACHABLE_CODE = YES;
				CLANG_WARN__DUPLICATE_METHOD_MATCH = YES;
				COPY_PHASE_STRIP = NO;
				DEBUG_INFORMATION_FORMAT = "dwarf-with-dsym";
				ENABLE_NS_ASSERTIONS = NO;
				ENABLE_STRICT_OBJC_MSGSEND = YES;
				ENABLE_USER_SCRIPT_SANDBOXING = YES;
				GCC_C_LANGUAGE_STANDARD = gnu17;
				GCC_NO_COMMON_BLOCKS = YES;
				GCC_WARN_64_TO_32_BIT_CONVERSION = YES;
				GCC_WARN_ABOUT_RETURN_TYPE = YES_ERROR;
				GCC_WARN_UNDECLARED_SELECTOR = YES;
				GCC_WARN_UNINITIALIZED_AUTOS = YES_AGGRESSIVE;
				GCC_WARN_UNUSED_FUNCTION = YES;
				GCC_WARN_UNUSED_VARIABLE = YES;
				IPHONEOS_DEPLOYMENT_TARGET = 17.5;
				LOCALIZATION_PREFERS_STRING_CATALOGS = YES;
				MTL_ENABLE_DEBUG_INFO = NO;
				MTL_FAST_MATH = YES;
				SDKROOT = iphoneos;
				SWIFT_COMPILATION_MODE = wholemodule;
				VALIDATE_PRODUCT = YES;
			};
			name = Release;
		};
		772B99A72C3D8E66006F8FA6 /* Debug */ = {
			isa = XCBuildConfiguration;
			buildSettings = {
				ASSETCATALOG_COMPILER_APPICON_NAME = AppIcon;
				ASSETCATALOG_COMPILER_GLOBAL_ACCENT_COLOR_NAME = AccentColor;
				CODE_SIGN_STYLE = Automatic;
				CURRENT_PROJECT_VERSION = 1;
				DEVELOPMENT_ASSET_PATHS = "\"Little Lemon/Preview Content\"";
				DEVELOPMENT_TEAM = DMG8YS4ZJL;
				ENABLE_PREVIEWS = YES;
				GENERATE_INFOPLIST_FILE = YES;
				INFOPLIST_FILE = "Little-Lemon-Info.plist";
				INFOPLIST_KEY_UIApplicationSceneManifest_Generation = YES;
				INFOPLIST_KEY_UIApplicationSupportsIndirectInputEvents = YES;
				INFOPLIST_KEY_UILaunchScreen_Generation = YES;
				INFOPLIST_KEY_UISupportedInterfaceOrientations_iPad = "UIInterfaceOrientationPortrait UIInterfaceOrientationPortraitUpsideDown UIInterfaceOrientationLandscapeLeft UIInterfaceOrientationLandscapeRight";
				INFOPLIST_KEY_UISupportedInterfaceOrientations_iPhone = "UIInterfaceOrientationPortrait UIInterfaceOrientationLandscapeLeft UIInterfaceOrientationLandscapeRight";
				LD_RUNPATH_SEARCH_PATHS = (
					"$(inherited)",
					"@executable_path/Frameworks",
				);
				MARKETING_VERSION = 1.0;
				PRODUCT_BUNDLE_IDENTIFIER = "littlelemon.Little-Lemon";
				PRODUCT_NAME = "$(TARGET_NAME)";
				SWIFT_EMIT_LOC_STRINGS = YES;
				SWIFT_VERSION = 5.0;
				TARGETED_DEVICE_FAMILY = "1,2";
			};
			name = Debug;
		};
		772B99A82C3D8E66006F8FA6 /* Release */ = {
			isa = XCBuildConfiguration;
			buildSettings = {
				ASSETCATALOG_COMPILER_APPICON_NAME = AppIcon;
				ASSETCATALOG_COMPILER_GLOBAL_ACCENT_COLOR_NAME = AccentColor;
				CODE_SIGN_STYLE = Automatic;
				CURRENT_PROJECT_VERSION = 1;
				DEVELOPMENT_ASSET_PATHS = "\"Little Lemon/Preview Content\"";
				DEVELOPMENT_TEAM = DMG8YS4ZJL;
				ENABLE_PREVIEWS = YES;
				GENERATE_INFOPLIST_FILE = YES;
				INFOPLIST_FILE = "Little-Lemon-Info.plist";
				INFOPLIST_KEY_UIApplicationSceneManifest_Generation = YES;
				INFOPLIST_KEY_UIApplicationSupportsIndirectInputEvents = YES;
				INFOPLIST_KEY_UILaunchScreen_Generation = YES;
				INFOPLIST_KEY_UISupportedInterfaceOrientations_iPad = "UIInterfaceOrientationPortrait UIInterfaceOrientationPortraitUpsideDown UIInterfaceOrientationLandscapeLeft UIInterfaceOrientationLandscapeRight";
				INFOPLIST_KEY_UISupportedInterfaceOrientations_iPhone = "UIInterfaceOrientationPortrait UIInterfaceOrientationLandscapeLeft UIInterfaceOrientationLandscapeRight";
				LD_RUNPATH_SEARCH_PATHS = (
					"$(inherited)",
					"@executable_path/Frameworks",
				);
				MARKETING_VERSION = 1.0;
				PRODUCT_BUNDLE_IDENTIFIER = "littlelemon.Little-Lemon";
				PRODUCT_NAME = "$(TARGET_NAME)";
				SWIFT_EMIT_LOC_STRINGS = YES;
				SWIFT_VERSION = 5.0;
				TARGETED_DEVICE_FAMILY = "1,2";
			};
			name = Release;
		};
/* End XCBuildConfiguration section */

/* Begin XCConfigurationList section */
		772B99932C3D8E64006F8FA6 /* Build configuration list for PBXProject "Little Lemon" */ = {
			isa = XCConfigurationList;
			buildConfigurations = (
				772B99A42C3D8E66006F8FA6 /* Debug */,
				772B99A52C3D8E66006F8FA6 /* Release */,
			);
			defaultConfigurationIsVisible = 0;
			defaultConfigurationName = Release;
		};
		772B99A62C3D8E66006F8FA6 /* Build configuration list for PBXNativeTarget "Little Lemon" */ = {
			isa = XCConfigurationList;
			buildConfigurations = (
				772B99A72C3D8E66006F8FA6 /* Debug */,
				772B99A82C3D8E66006F8FA6 /* Release */,
			);
			defaultConfigurationIsVisible = 0;
			defaultConfigurationName = Release;
		};
/* End XCConfigurationList section */

/* Begin XCVersionGroup section */
		772B99BB2C3E371E006F8FA6 /* ExampleDatabase.xcdatamodeld */ = {
			isa = XCVersionGroup;
			children = (
				772B99BC2C3E371E006F8FA6 /* ExampleDatabase.xcdatamodel */,
			);
			currentVersion = 772B99BC2C3E371E006F8FA6 /* ExampleDatabase.xcdatamodel */;
			name = ExampleDatabase.xcdatamodeld;
			path = "/Users/danachang/Documents/GitHub/littlelemon/Little Lemon/Little Lemon/ExampleDatabase.xcdatamodeld";
			sourceTree = "<group>";
			versionGroupType = wrapper.xcdatamodel;
		};
/* End XCVersionGroup section */
	};
	rootObject = 772B99902C3D8E64006F8FA6 /* Project object */;
}
